
Microsoft Visual Studio Solution File, Format Version 12.00
# Visual Studio Version 17
VisualStudioVersion = 17.2.32519.379
MinimumVisualStudioVersion = 10.0.40219.1
Project("{8BC9CEB8-8B4A-11D0-8D11-00A0C91BC942}") = "Cafe_App", "Cafe_App\Cafe_App.vcxproj", "{739B39EB-4D57-424A-9D23-6A44B72F982B}"
EndProject
Global
	GlobalSection(SolutionConfigurationPlatforms) = preSolution
		Debug|x64 = Debug|x64
		Debug|x86 = Debug|x86
		Release|x64 = Release|x64
		Release|x86 = Release|x86
	EndGlobalSection
	GlobalSection(ProjectConfigurationPlatforms) = postSolution
		{739B39EB-4D57-424A-9D23-6A44B72F982B}.Debug|x64.ActiveCfg = Debug|x64
		{739B39EB-4D57-424A-9D23-6A44B72F982B}.Debug|x64.Build.0 = Debug|x64
		{739B39EB-4D57-424A-9D23-6A44B72F982B}.Debug|x86.ActiveCfg = Debug|Win32
		{739B39EB-4D57-424A-9D23-6A44B72F982B}.Debug|x86.Build.0 = Debug|Win32
		{739B39EB-4D57-424A-9D23-6A44B72F982B}.Release|x64.ActiveCfg = Release|x64
		{739B39EB-4D57-424A-9D23-6A44B72F982B}.Release|x64.Build.0 = Release|x64
		{739B39EB-4D57-424A-9D23-6A44B72F982B}.Release|x86.ActiveCfg = Release|Win32
		{739B39EB-4D57-424A-9D23-6A44B72F982B}.Release|x86.Build.0 = Release|Win32
	EndGlobalSection
	GlobalSection(SolutionProperties) = preSolution
		HideSolutionNode = FALSE
	EndGlobalSection
	GlobalSection(ExtensibilityGlobals) = postSolution
		SolutionGuid = {813B9739-F205-4C31-96EA-A306611DD239}
	EndGlobalSection
EndGlobal
